
Microsoft Visual Studio Solution File, Format Version 12.00
# Visual Studio 2012
Project("{FAE04EC0-301F-11D3-BF4B-00C04F79EFBC}") = "PointSequence", "PointSequence\PointSequence.csproj", "{CE231F6D-3311-410A-8667-106D7D11E1BA}"
EndProject
Project("{FAE04EC0-301F-11D3-BF4B-00C04F79EFBC}") = "ConsoleUI", "Program\ConsoleUI.csproj", "{3585222A-530A-4EB2-ACB1-C06A584B3085}"
EndProject
Global
	GlobalSection(SolutionConfigurationPlatforms) = preSolution
		Debug|Any CPU = Debug|Any CPU
		Release|Any CPU = Release|Any CPU
	EndGlobalSection
	GlobalSection(ProjectConfigurationPlatforms) = postSolution
		{CE231F6D-3311-410A-8667-106D7D11E1BA}.Debug|Any CPU.ActiveCfg = Debug|Any CPU
		{CE231F6D-3311-410A-8667-106D7D11E1BA}.Debug|Any CPU.Build.0 = Debug|Any CPU
		{CE231F6D-3311-410A-8667-106D7D11E1BA}.Release|Any CPU.ActiveCfg = Release|Any CPU
		{CE231F6D-3311-410A-8667-106D7D11E1BA}.Release|Any CPU.Build.0 = Release|Any CPU
		{3585222A-530A-4EB2-ACB1-C06A584B3085}.Debug|Any CPU.ActiveCfg = Debug|Any CPU
		{3585222A-530A-4EB2-ACB1-C06A584B3085}.Debug|Any CPU.Build.0 = Debug|Any CPU
		{3585222A-530A-4EB2-ACB1-C06A584B3085}.Release|Any CPU.ActiveCfg = Release|Any CPU
		{3585222A-530A-4EB2-ACB1-C06A584B3085}.Release|Any CPU.Build.0 = Release|Any CPU
	EndGlobalSection
	GlobalSection(SolutionProperties) = preSolution
		HideSolutionNode = FALSE
	EndGlobalSection
EndGlobal
